
Microsoft Visual Studio Solution File, Format Version 12.00
# Visual Studio Version 17
VisualStudioVersion = 17.4.33213.308
MinimumVisualStudioVersion = 10.0.40219.1
Project("{FAE04EC0-301F-11D3-BF4B-00C04F79EFBC}") = "CourseProject", "CourseProject\CourseProject.csproj", "{F1D3C3EC-462E-4CA6-9307-9653A61403F3}"
EndProject
Project("{FAE04EC0-301F-11D3-BF4B-00C04F79EFBC}") = "StringCheckLibrary", "StringCheckLibrary\StringCheckLibrary.csproj", "{72AFBE76-05AC-4F9C-A40B-C73791B09154}"
EndProject
Project("{FAE04EC0-301F-11D3-BF4B-00C04F79EFBC}") = "StringCheckLibraryTests", "StringCheckLibraryTests\StringCheckLibraryTests.csproj", "{ABB3595E-999C-467D-964E-90372D58E45A}"
EndProject
Project("{54435603-DBB4-11D2-8724-00A0C9A8B90C}") = "PharmasySetup", "PharmasySetup\PharmasySetup.vdproj", "{279B8CB8-45E7-4A9E-9BA6-0DC68BB9B2D5}"
EndProject
Global
	GlobalSection(SolutionConfigurationPlatforms) = preSolution
		Debug|Any CPU = Debug|Any CPU
		Release|Any CPU = Release|Any CPU
	EndGlobalSection
	GlobalSection(ProjectConfigurationPlatforms) = postSolution
		{F1D3C3EC-462E-4CA6-9307-9653A61403F3}.Debug|Any CPU.ActiveCfg = Debug|Any CPU
		{F1D3C3EC-462E-4CA6-9307-9653A61403F3}.Debug|Any CPU.Build.0 = Debug|Any CPU
		{F1D3C3EC-462E-4CA6-9307-9653A61403F3}.Release|Any CPU.ActiveCfg = Release|Any CPU
		{F1D3C3EC-462E-4CA6-9307-9653A61403F3}.Release|Any CPU.Build.0 = Release|Any CPU
		{72AFBE76-05AC-4F9C-A40B-C73791B09154}.Debug|Any CPU.ActiveCfg = Debug|Any CPU
		{72AFBE76-05AC-4F9C-A40B-C73791B09154}.Debug|Any CPU.Build.0 = Debug|Any CPU
		{72AFBE76-05AC-4F9C-A40B-C73791B09154}.Release|Any CPU.ActiveCfg = Release|Any CPU
		{72AFBE76-05AC-4F9C-A40B-C73791B09154}.Release|Any CPU.Build.0 = Release|Any CPU
		{ABB3595E-999C-467D-964E-90372D58E45A}.Debug|Any CPU.ActiveCfg = Debug|Any CPU
		{ABB3595E-999C-467D-964E-90372D58E45A}.Debug|Any CPU.Build.0 = Debug|Any CPU
		{ABB3595E-999C-467D-964E-90372D58E45A}.Release|Any CPU.ActiveCfg = Release|Any CPU
		{ABB3595E-999C-467D-964E-90372D58E45A}.Release|Any CPU.Build.0 = Release|Any CPU
		{279B8CB8-45E7-4A9E-9BA6-0DC68BB9B2D5}.Debug|Any CPU.ActiveCfg = Debug
		{279B8CB8-45E7-4A9E-9BA6-0DC68BB9B2D5}.Release|Any CPU.ActiveCfg = Release
	EndGlobalSection
	GlobalSection(SolutionProperties) = preSolution
		HideSolutionNode = FALSE
	EndGlobalSection
	GlobalSection(ExtensibilityGlobals) = postSolution
		SolutionGuid = {E715F85A-9CEB-45D4-8A01-65695410F2EB}
	EndGlobalSection
EndGlobal
